Microsoft Visual Studio Solution File, Format Version 12.00
# Visual Studio 14
VisualStudioVersion = 14.0.23107.0
MinimumVisualStudioVersion = 10.0.40219.1
Project("{8BC9CEB8-8B4A-11D0-8D11-00A0C91BC942}") = "lib_flint", "lib_flint\lib_flint.vcxproj", "{9E58CA09-15B8-453B-865C-E2CF6DE07187}"
EndProject
Project("{888888A0-9F3D-457C-B088-3A5042F75D52}") = "run_tests", "run_tests\run_tests.pyproj", "{A75EE66A-FA00-4D7B-ACCB-3445674C3175}"
EndProject
Project("{8BC9CEB8-8B4A-11D0-8D11-00A0C91BC942}") = "dll_flint", "dll_flint\dll_flint.vcxproj", "{E1E00871-6A3C-4348-BE48-04737F101979}"
EndProject
Project("{888888A0-9F3D-457C-B088-3A5042F75D52}") = "flint_config", "flint_config\flint_config.pyproj", "{47FC571F-818D-402A-AD42-510E25F5A305}"
EndProject
Project("{888888A0-9F3D-457C-B088-3A5042F75D52}") = "build_tests", "build_tests\build_tests.pyproj", "{CDBCE778-AFF7-4897-B08C-78A949438898}"
EndProject
Global
	GlobalSection(SolutionConfigurationPlatforms) = preSolution
		Debug|Win32 = Debug|Win32
		Debug|x64 = Debug|x64
		Release|Win32 = Release|Win32
		Release|x64 = Release|x64
	EndGlobalSection
	GlobalSection(SolutionProperties) = preSolution
		HideSolutionNode = FALSE
	EndGlobalSection
	GlobalSection(NestedProjects) = preSolution
	EndGlobalSection
EndGlobal
