Microsoft Visual Studio Solution File, Format Version 12.00
# Visual Studio 2013
VisualStudioVersion = 12.0.30723.0
MinimumVisualStudioVersion = 10.0.40219.1
Project("{8BC9CEB8-8B4A-11D0-8D11-00A0C91BC942}") = "dll_flint", "dll_flint\dll_flint.vcxproj", "{000CB5B5-B009-4AFD-86A1-E489C6E4E0E2}"
EndProject
Project("{8BC9CEB8-8B4A-11D0-8D11-00A0C91BC942}") = "lib_flint", "lib_flint\lib_flint.vcxproj", "{A642622B-881C-4922-A0DF-B29D815FF365}"
EndProject
Project("{888888A0-9F3D-457C-B088-3A5042F75D52}") = "flint_config", "flint_config\flint_config.pyproj", "{47FC571F-818D-402A-AD42-510E25F5A305}"
EndProject
Project("{888888A0-9F3D-457C-B088-3A5042F75D52}") = "run_tests", "run_tests\run_tests.pyproj", "{A75EE66A-FA00-4D7B-ACCB-3445674C3175}"
EndProject
Global
	GlobalSection(SolutionConfigurationPlatforms) = preSolution
		Debug|Win32 = Debug|Win32
		Debug|x64 = Debug|x64
		Release|Win32 = Release|Win32
		Release|x64 = Release|x64
	EndGlobalSection
	GlobalSection(ProjectConfigurationPlatforms) = postSolution
		{000CB5B5-B009-4AFD-86A1-E489C6E4E0E2}.Debug|Win32.ActiveCfg = Debug|win32
		{000CB5B5-B009-4AFD-86A1-E489C6E4E0E2}.Debug|Win32.Build.0 = Debug|win32
		{000CB5B5-B009-4AFD-86A1-E489C6E4E0E2}.Debug|x64.ActiveCfg = Debug|x64
		{000CB5B5-B009-4AFD-86A1-E489C6E4E0E2}.Debug|x64.Build.0 = Debug|x64
		{000CB5B5-B009-4AFD-86A1-E489C6E4E0E2}.Release|Win32.ActiveCfg = Release|win32
		{000CB5B5-B009-4AFD-86A1-E489C6E4E0E2}.Release|Win32.Build.0 = Release|win32
		{000CB5B5-B009-4AFD-86A1-E489C6E4E0E2}.Release|x64.ActiveCfg = Release|x64
		{000CB5B5-B009-4AFD-86A1-E489C6E4E0E2}.Release|x64.Build.0 = Release|x64
		{A642622B-881C-4922-A0DF-B29D815FF365}.Debug|Win32.ActiveCfg = Debug|win32
		{A642622B-881C-4922-A0DF-B29D815FF365}.Debug|Win32.Build.0 = Debug|win32
		{A642622B-881C-4922-A0DF-B29D815FF365}.Debug|x64.ActiveCfg = Debug|x64
		{A642622B-881C-4922-A0DF-B29D815FF365}.Debug|x64.Build.0 = Debug|x64
		{A642622B-881C-4922-A0DF-B29D815FF365}.Release|Win32.ActiveCfg = Release|win32
		{A642622B-881C-4922-A0DF-B29D815FF365}.Release|Win32.Build.0 = Release|win32
		{A642622B-881C-4922-A0DF-B29D815FF365}.Release|x64.ActiveCfg = Release|x64
		{A642622B-881C-4922-A0DF-B29D815FF365}.Release|x64.Build.0 = Release|x64
		{47FC571F-818D-402A-AD42-510E25F5A305}.Debug|Win32.ActiveCfg = Debug|Any CPU
		{47FC571F-818D-402A-AD42-510E25F5A305}.Debug|x64.ActiveCfg = Debug|Any CPU
		{47FC571F-818D-402A-AD42-510E25F5A305}.Release|Win32.ActiveCfg = Release|Any CPU
		{47FC571F-818D-402A-AD42-510E25F5A305}.Release|x64.ActiveCfg = Release|Any CPU
		{A75EE66A-FA00-4D7B-ACCB-3445674C3175}.Debug|Win32.ActiveCfg = Debug|Any CPU
		{A75EE66A-FA00-4D7B-ACCB-3445674C3175}.Debug|x64.ActiveCfg = Debug|Any CPU
		{A75EE66A-FA00-4D7B-ACCB-3445674C3175}.Release|Win32.ActiveCfg = Release|Any CPU
		{A75EE66A-FA00-4D7B-ACCB-3445674C3175}.Release|x64.ActiveCfg = Release|Any CPU
	EndGlobalSection
	GlobalSection(SolutionProperties) = preSolution
		HideSolutionNode = FALSE
	EndGlobalSection
EndGlobal
